
Microsoft Visual Studio Solution File, Format Version 12.00
# Visual Studio Version 17
VisualStudioVersion = 17.6.33723.286
MinimumVisualStudioVersion = 10.0.40219.1
Project("{8BC9CEB8-8B4A-11D0-8D11-00A0C91BC942}") = "TestConsole10", "TestConsole10.vcxproj", "{058C002F-3F92-48CC-BEE2-527295284517}"
EndProject
Global
	GlobalSection(SolutionConfigurationPlatforms) = preSolution
		Debug|x64 = Debug|x64
		Debug|x86 = Debug|x86
		Release|x64 = Release|x64
		Release|x86 = Release|x86
	EndGlobalSection
	GlobalSection(ProjectConfigurationPlatforms) = postSolution
		{058C002F-3F92-48CC-BEE2-527295284517}.Debug|x64.ActiveCfg = Debug|x64
		{058C002F-3F92-48CC-BEE2-527295284517}.Debug|x64.Build.0 = Debug|x64
		{058C002F-3F92-48CC-BEE2-527295284517}.Debug|x86.ActiveCfg = Debug|Win32
		{058C002F-3F92-48CC-BEE2-527295284517}.Debug|x86.Build.0 = Debug|Win32
		{058C002F-3F92-48CC-BEE2-527295284517}.Release|x64.ActiveCfg = Release|x64
		{058C002F-3F92-48CC-BEE2-527295284517}.Release|x64.Build.0 = Release|x64
		{058C002F-3F92-48CC-BEE2-527295284517}.Release|x86.ActiveCfg = Release|Win32
		{058C002F-3F92-48CC-BEE2-527295284517}.Release|x86.Build.0 = Release|Win32
	EndGlobalSection
	GlobalSection(SolutionProperties) = preSolution
		HideSolutionNode = FALSE
	EndGlobalSection
	GlobalSection(ExtensibilityGlobals) = postSolution
		SolutionGuid = {59E5754D-3C76-43D3-9277-7791ADA06795}
	EndGlobalSection
EndGlobal
